{
  "name": "Web-Hosting",
  "version": "1.0.0",
  "lockfileVersion": 2,
  "dependencies": {
    "express": {
      "version": "4.17.1",
      "resolved": "https://registry.npmjs.org/express/-/express-4.17.1.tgz",
      "integrity": "sha512-Xk1t0P5qCzMfNITdhOBrh0OH7KQyzJzgmHk0TME3t6Lfr4d9vbdjoDO4dBpVeUGq3fjIUt3dZY5bZkWyK7HgFw==",
      "engines": {
        "node": ">= 6.0.0"
      },
      "dev": true,
      "enginesStrict": true,
      "dependencies": {
        "accepts": {
          "version": "1.3.7",
          "resolved": "https://registry.npmjs.org/accepts/-/accepts-1.3.7.tgz",
          "integrity": "sha512-M9AD0TbUt+G9yIHO9k64M8McQebdu3+2xprh4d9GADrf9ZGONCBXhMm+/96S7kjgS1zCO2X4bbEG1Hh4T0n6xA=="
        },
        "cookie": {
          "version": "0.4.1",
          "resolved": "https://registry.npmjs.org/cookie/-/cookie-0.4.1.tgz",
          "integrity": "sha512-M9kZ66ffP3J3CjbOXmnoo8tO0VJPy2UJsvhIolpS4kFZbP0rPtGvdc0Ery7oqngToNjsVq7m7sbyyg/87JfjXw=="
        }
      }
    }
  },
  "engines": {
    "node": ">= 12.0.0"
  },
  "devDependencies": {
    "nodemon": "^2.0.7"
  }
}
