{
  "name": "Web-Hosting",
  "version": "1.0.0",
  "lockfileVersion": 2,
  "dependencies": {
    "express": {
      "version": "4.21.2",
      "resolved": "https://registry.npmjs.org/express/-/express-4.21.2.tgz",
      "integrity": "sha512-XoBOUSmxP1mVj5C6wF1pe6ePbqJYF5S3yLK1TRpdXcLwWyV4t5Xsz2Q/e9NJn2y20g4J6eFSyF1/jw==",
      "dev": true,
      "engines": {
        "node": ">= 6.0.0"
      }
    },
    "body-parser": {
      "version": "1.20.3",
      "resolved": "https://registry.npmjs.org/body-parser/-/body-parser-1.20.3.tgz",
      "integrity": "sha512-u1x3Flefv23LgknCG6KhZAq1SyP0O2AKkN5D2tGySBwDzYyDqF6M2zHLp8t5tkvFmf8kzyDFfI4lTtA==",
      "engines": {
        "node": ">= 0.6.0"
      }
    },
    "cookie-parser": {
      "version": "1.4.6",
      "resolved": "https://registry.npmjs.org/cookie-parser/-/cookie-parser-1.4.6.tgz",
      "integrity": "sha512-TwWvMz6HzptR9lkbwS9dL4qwbxjF5uqw8yHgDoIsyBb31j+DB1Xywsy0zG0gRhPO9aeorwzmSyf3wI3g==",
      "dev": true
    }
  },
  "engines": {
    "node": ">= 12.0.0"
  }
}
